{
  "originHash" : "d0f4c02d0318472cfa5259b5d77cb6360ad1e1f89c581bb9877d4fd96fe589b0",
  "pins" : [
    {
      "identity" : "bugsnag-cocoa",
      "kind" : "remoteSourceControl",
      "location" : "https://github.com/bugsnag/bugsnag-cocoa",
      "state" : {
        "revision" : "cd3a27c2d7ad344c102bd7ec168c0584939ab7b1",
        "version" : "6.29.0"
      }
    }
  ],
  "version" : 3
}
